
Microsoft Visual Studio Solution File, Format Version 12.00
# Visual Studio Version 17
VisualStudioVersion = 17.5.33627.172
MinimumVisualStudioVersion = 10.0.40219.1
Project("{9A19103F-16F7-4668-BE54-9A1E7A4F7556}") = "IngestionRouter", "IngestionRouter.csproj", "{8FC3FAC8-CE9C-4ACE-8CF4-6C3CCE66F59C}"
EndProject
Global
	GlobalSection(SolutionConfigurationPlatforms) = preSolution
		Debug|Any CPU = Debug|Any CPU
		Release|Any CPU = Release|Any CPU
	EndGlobalSection
	GlobalSection(ProjectConfigurationPlatforms) = postSolution
		{8FC3FAC8-CE9C-4ACE-8CF4-6C3CCE66F59C}.Debug|Any CPU.ActiveCfg = Debug|Any CPU
		{8FC3FAC8-CE9C-4ACE-8CF4-6C3CCE66F59C}.Debug|Any CPU.Build.0 = Debug|Any CPU
		{8FC3FAC8-CE9C-4ACE-8CF4-6C3CCE66F59C}.Release|Any CPU.ActiveCfg = Release|Any CPU
		{8FC3FAC8-CE9C-4ACE-8CF4-6C3CCE66F59C}.Release|Any CPU.Build.0 = Release|Any CPU
	EndGlobalSection
	GlobalSection(SolutionProperties) = preSolution
		HideSolutionNode = FALSE
	EndGlobalSection
	GlobalSection(ExtensibilityGlobals) = postSolution
		SolutionGuid = {7CD11BFA-617A-4385-BB87-0CCB2D9231B2}
	EndGlobalSection
EndGlobal
